<?xml version="1.0" encoding="utf-8"?>
<Project ToolsVersion="4.0" xmlns="http://schemas.microsoft.com/developer/msbuild/2003">
  <ItemGroup>
    <Filter Include="소스 파일">
      <UniqueIdentifier>{4FC737F1-C7A5-4376-A066-2A32D752A2FF}</UniqueIdentifier>
      <Extensions>cpp;c;cc;cxx;c++;cppm;ixx;def;odl;idl;hpj;bat;asm;asmx</Extensions>
    </Filter>
    <Filter Include="헤더 파일">
      <UniqueIdentifier>{93995380-89BD-4b04-88EB-625FBE52EBFB}</UniqueIdentifier>
      <Extensions>h;hh;hpp;hxx;h++;hm;inl;inc;ipp;xsd</Extensions>
    </Filter>
    <Filter Include="리소스 파일">
      <UniqueIdentifier>{67DA6AB6-F800-4c08-8B7A-83BB121AAD01}</UniqueIdentifier>
      <Extensions>rc;ico;cur;bmp;dlg;rc2;rct;bin;rgs;gif;jpg;jpeg;jpe;resx;tiff;tif;png;wav;mfcribbon-ms</Extensions>
    </Filter>
    <Filter Include="소스 파일\BreakoutGame">
      <UniqueIdentifier>{0e33ca0a-0a16-457d-b402-a44f47967c0d}</UniqueIdentifier>
    </Filter>
    <Filter Include="소스 파일\UI">
      <UniqueIdentifier>{5305295d-9da6-477e-a254-3160a5041bf7}</UniqueIdentifier>
    </Filter>
    <Filter Include="소스 파일\AStarTest">
      <UniqueIdentifier>{45655073-b5a8-40e2-b2f5-9709e19e95b6}</UniqueIdentifier>
    </Filter>
    <Filter Include="소스 파일\Containers">
      <UniqueIdentifier>{671b0255-b19c-4c2c-8846-df0de994ff67}</UniqueIdentifier>
    </Filter>
    <Filter Include="소스 파일\Invaders">
      <UniqueIdentifier>{cab06dc4-1e8d-40f7-988c-9ab7be1a7319}</UniqueIdentifier>
    </Filter>
  </ItemGroup>
  <ItemGroup>
    <ClCompile Include="main.cpp">
      <Filter>소스 파일</Filter>
    </ClCompile>
    <ClCompile Include="MyGamesMain.cpp">
      <Filter>소스 파일</Filter>
    </ClCompile>
    <ClCompile Include="BasedGame.cpp">
      <Filter>소스 파일</Filter>
    </ClCompile>
    <ClCompile Include="AStarTest\AStarTestMain.cpp">
      <Filter>소스 파일\AStarTest</Filter>
    </ClCompile>
    <ClCompile Include="AStarTest\AStarTile.cpp">
      <Filter>소스 파일\AStarTest</Filter>
    </ClCompile>
    <ClCompile Include="BreakoutGame\BreakoutGameMain.cpp">
      <Filter>소스 파일\BreakoutGame</Filter>
    </ClCompile>
    <ClCompile Include="Containers\MyArray.cpp">
      <Filter>소스 파일\Containers</Filter>
    </ClCompile>
    <ClCompile Include="Button\Button.cpp">
      <Filter>소스 파일\UI</Filter>
    </ClCompile>
    <ClCompile Include="Invaders\InvadersMain.cpp">
      <Filter>소스 파일\Invaders</Filter>
    </ClCompile>
    <ClCompile Include="Invaders\Invaders_Bullet.cpp">
      <Filter>소스 파일\Invaders</Filter>
    </ClCompile>
  </ItemGroup>
  <ItemGroup>
    <ClInclude Include="MyGamesMain.h">
      <Filter>헤더 파일</Filter>
    </ClInclude>
    <ClInclude Include="BasedGame.h">
      <Filter>헤더 파일</Filter>
    </ClInclude>
    <ClInclude Include="AStarTest\AStarTile.h">
      <Filter>소스 파일\AStarTest</Filter>
    </ClInclude>
    <ClInclude Include="AStarTest\AStarTestMain.h">
      <Filter>소스 파일\AStarTest</Filter>
    </ClInclude>
    <ClInclude Include="BreakoutGame\BreakoutGameMain.h">
      <Filter>소스 파일\BreakoutGame</Filter>
    </ClInclude>
    <ClInclude Include="Containers\MyArray.h">
      <Filter>소스 파일\Containers</Filter>
    </ClInclude>
    <ClInclude Include="Button\Button.h">
      <Filter>소스 파일\UI</Filter>
    </ClInclude>
    <ClInclude Include="Invaders\InvadersMain.h">
      <Filter>소스 파일\Invaders</Filter>
    </ClInclude>
    <ClInclude Include="Invaders\Invaders_Bullet.h">
      <Filter>소스 파일\Invaders</Filter>
    </ClInclude>
  </ItemGroup>
</Project>